{
  "meteor": {},
  "dependencies": {
    "basePackages": {
      "collection-api": {},
      "npm": {},
      "twitter-api": {},
      "router": {}
    },
    "packages": {
      "collection-api": {
        "git": "https://github.com/crazytoad/meteor-collectionapi.git",
        "tag": "v0.1.14",
        "commit": "d42ba1681289cb093afa7c67500862241df15f9e"
      },
      "npm": {
        "git": "https://github.com/arunoda/meteor-npm.git",
        "tag": "v0.1.4",
        "commit": "68ab2b952ab21a5bbba879b37be9385ec8ff6d63"
      },
      "twitter-api": {
        "git": "https://github.com/Sewdn/meteor-twitter-api.git",
        "tag": "v0.1.0",
        "commit": "c7a0dbfe61f6207d40cc1863c45b179aadadbb6a"
      },
      "router": {
        "git": "https://github.com/tmeasday/meteor-router.git",
        "tag": "v0.5.3",
        "commit": "7bd3a1bdd1099625bb8b49406d9b8f961d6f4a17"
      },
      "page-js-ie-support": {
        "git": "https://github.com/tmeasday/meteor-page-js-ie-support.git",
        "tag": "v1.3.5",
        "commit": "b99ed8380aefd10b2afc8f18d9eed4dd0d8ea9cb"
      }
    }
  }
}
